
Microsoft Visual Studio Solution File, Format Version 12.00
# Visual Studio Version 17
VisualStudioVersion = 17.8.34330.188
MinimumVisualStudioVersion = 10.0.40219.1
Project("{FAE04EC0-301F-11D3-BF4B-00C04F79EFBC}") = "ToneDetectorConsole", "ToneDetectorConsole\ToneDetectorConsole.csproj", "{2C648BD4-EF59-46D1-A6DC-04C362ED052D}"
	ProjectSection(ProjectDependencies) = postProject
		{2A1815D4-4344-4A54-9782-28D8D0EE1491} = {2A1815D4-4344-4A54-9782-28D8D0EE1491}
	EndProjectSection
EndProject
Project("{FAE04EC0-301F-11D3-BF4B-00C04F79EFBC}") = "ToneDetectorLib", "ToneDetectorLib\ToneDetectorLib.csproj", "{2A1815D4-4344-4A54-9782-28D8D0EE1491}"
EndProject
Project("{FAE04EC0-301F-11D3-BF4B-00C04F79EFBC}") = "ToneDetectorGui", "ToneDetectorGui\ToneDetectorGui.csproj", "{C4ADCDA6-1E97-49B0-B6C9-9FF88DBFB756}"
	ProjectSection(ProjectDependencies) = postProject
		{21D7B4E9-ECAD-45C0-8495-E2F630380748} = {21D7B4E9-ECAD-45C0-8495-E2F630380748}
	EndProjectSection
EndProject
Project("{FAE04EC0-301F-11D3-BF4B-00C04F79EFBC}") = "ToneDetectorAlerting", "ToneDetectorAlerting\ToneDetectorAlerting.csproj", "{21D7B4E9-ECAD-45C0-8495-E2F630380748}"
EndProject
Global
	GlobalSection(SolutionConfigurationPlatforms) = preSolution
		Debug|Any CPU = Debug|Any CPU
		Release|Any CPU = Release|Any CPU
	EndGlobalSection
	GlobalSection(ProjectConfigurationPlatforms) = postSolution
		{2C648BD4-EF59-46D1-A6DC-04C362ED052D}.Debug|Any CPU.ActiveCfg = Debug|Any CPU
		{2C648BD4-EF59-46D1-A6DC-04C362ED052D}.Debug|Any CPU.Build.0 = Debug|Any CPU
		{2C648BD4-EF59-46D1-A6DC-04C362ED052D}.Release|Any CPU.ActiveCfg = Release|Any CPU
		{2C648BD4-EF59-46D1-A6DC-04C362ED052D}.Release|Any CPU.Build.0 = Release|Any CPU
		{2A1815D4-4344-4A54-9782-28D8D0EE1491}.Debug|Any CPU.ActiveCfg = Debug|Any CPU
		{2A1815D4-4344-4A54-9782-28D8D0EE1491}.Debug|Any CPU.Build.0 = Debug|Any CPU
		{2A1815D4-4344-4A54-9782-28D8D0EE1491}.Release|Any CPU.ActiveCfg = Release|Any CPU
		{2A1815D4-4344-4A54-9782-28D8D0EE1491}.Release|Any CPU.Build.0 = Release|Any CPU
		{C4ADCDA6-1E97-49B0-B6C9-9FF88DBFB756}.Debug|Any CPU.ActiveCfg = Debug|Any CPU
		{C4ADCDA6-1E97-49B0-B6C9-9FF88DBFB756}.Debug|Any CPU.Build.0 = Debug|Any CPU
		{C4ADCDA6-1E97-49B0-B6C9-9FF88DBFB756}.Release|Any CPU.ActiveCfg = Release|Any CPU
		{C4ADCDA6-1E97-49B0-B6C9-9FF88DBFB756}.Release|Any CPU.Build.0 = Release|Any CPU
		{21D7B4E9-ECAD-45C0-8495-E2F630380748}.Debug|Any CPU.ActiveCfg = Debug|Any CPU
		{21D7B4E9-ECAD-45C0-8495-E2F630380748}.Debug|Any CPU.Build.0 = Debug|Any CPU
		{21D7B4E9-ECAD-45C0-8495-E2F630380748}.Release|Any CPU.ActiveCfg = Release|Any CPU
		{21D7B4E9-ECAD-45C0-8495-E2F630380748}.Release|Any CPU.Build.0 = Release|Any CPU
	EndGlobalSection
	GlobalSection(SolutionProperties) = preSolution
		HideSolutionNode = FALSE
	EndGlobalSection
	GlobalSection(ExtensibilityGlobals) = postSolution
		SolutionGuid = {2FA6F5D8-B67D-463C-BE62-5A08346D5BAD}
	EndGlobalSection
EndGlobal
